
Microsoft Visual Studio Solution File, Format Version 12.00
# Visual Studio 15
VisualStudioVersion = 15.0.27004.2002
MinimumVisualStudioVersion = 10.0.40219.1
Project("{FAE04EC0-301F-11D3-BF4B-00C04F79EFBC}") = "LilaSharp", "LilaSharp\LilaSharp.csproj", "{6DB745E7-34D8-4CEA-8AEF-B7BA96005787}"
EndProject
Project("{FAE04EC0-301F-11D3-BF4B-00C04F79EFBC}") = "LilaSharpExample", "LilaSharpExample\LilaSharpExample.csproj", "{2EFB24A6-D348-4467-84A9-71C3EB8F960E}"
EndProject
Global
	GlobalSection(SolutionConfigurationPlatforms) = preSolution
		Debug|Any CPU = Debug|Any CPU
		Release|Any CPU = Release|Any CPU
	EndGlobalSection
	GlobalSection(ProjectConfigurationPlatforms) = postSolution
		{6DB745E7-34D8-4CEA-8AEF-B7BA96005787}.Debug|Any CPU.ActiveCfg = Debug|Any CPU
		{6DB745E7-34D8-4CEA-8AEF-B7BA96005787}.Debug|Any CPU.Build.0 = Debug|Any CPU
		{6DB745E7-34D8-4CEA-8AEF-B7BA96005787}.Release|Any CPU.ActiveCfg = Release|Any CPU
		{6DB745E7-34D8-4CEA-8AEF-B7BA96005787}.Release|Any CPU.Build.0 = Release|Any CPU
		{2EFB24A6-D348-4467-84A9-71C3EB8F960E}.Debug|Any CPU.ActiveCfg = Debug|Any CPU
		{2EFB24A6-D348-4467-84A9-71C3EB8F960E}.Debug|Any CPU.Build.0 = Debug|Any CPU
		{2EFB24A6-D348-4467-84A9-71C3EB8F960E}.Release|Any CPU.ActiveCfg = Release|Any CPU
		{2EFB24A6-D348-4467-84A9-71C3EB8F960E}.Release|Any CPU.Build.0 = Release|Any CPU
	EndGlobalSection
	GlobalSection(SolutionProperties) = preSolution
		HideSolutionNode = FALSE
	EndGlobalSection
	GlobalSection(ExtensibilityGlobals) = postSolution
		SolutionGuid = {D0FFEA5E-99A3-413F-8185-F366E41D4A64}
	EndGlobalSection
EndGlobal
